
Microsoft Visual Studio Solution File, Format Version 12.00
# Visual Studio 15
VisualStudioVersion = 15.0.28307.1401
MinimumVisualStudioVersion = 10.0.40219.1
Project("{8BC9CEB8-8B4A-11D0-8D11-00A0C91BC942}") = "Calculator", "Calculator\Calculator.vcxproj", "{AE3BD675-0B1B-4ACD-AD64-6C03FA285E3A}"
EndProject
Global
	GlobalSection(SolutionConfigurationPlatforms) = preSolution
		Debug|x64 = Debug|x64
		Debug|x86 = Debug|x86
		Release|x64 = Release|x64
		Release|x86 = Release|x86
	EndGlobalSection
	GlobalSection(ProjectConfigurationPlatforms) = postSolution
		{AE3BD675-0B1B-4ACD-AD64-6C03FA285E3A}.Debug|x64.ActiveCfg = Debug|x64
		{AE3BD675-0B1B-4ACD-AD64-6C03FA285E3A}.Debug|x64.Build.0 = Debug|x64
		{AE3BD675-0B1B-4ACD-AD64-6C03FA285E3A}.Debug|x86.ActiveCfg = Debug|Win32
		{AE3BD675-0B1B-4ACD-AD64-6C03FA285E3A}.Debug|x86.Build.0 = Debug|Win32
		{AE3BD675-0B1B-4ACD-AD64-6C03FA285E3A}.Release|x64.ActiveCfg = Release|x64
		{AE3BD675-0B1B-4ACD-AD64-6C03FA285E3A}.Release|x64.Build.0 = Release|x64
		{AE3BD675-0B1B-4ACD-AD64-6C03FA285E3A}.Release|x86.ActiveCfg = Release|Win32
		{AE3BD675-0B1B-4ACD-AD64-6C03FA285E3A}.Release|x86.Build.0 = Release|Win32
	EndGlobalSection
	GlobalSection(SolutionProperties) = preSolution
		HideSolutionNode = FALSE
	EndGlobalSection
	GlobalSection(ExtensibilityGlobals) = postSolution
		SolutionGuid = {A4782B97-D950-426F-8560-5EAAFCD167A2}
	EndGlobalSection
EndGlobal
