
Microsoft Visual Studio Solution File, Format Version 12.00
# Visual Studio 15
VisualStudioVersion = 15.0.28307.1401
MinimumVisualStudioVersion = 10.0.40219.1
Project("{8BC9CEB8-8B4A-11D0-8D11-00A0C91BC942}") = "Project", "Project\Project.vcxproj", "{954B92F9-4220-46B0-9ACE-B04EB0DA0C0D}"
EndProject
Global
	GlobalSection(SolutionConfigurationPlatforms) = preSolution
		Debug|x64 = Debug|x64
		Debug|x86 = Debug|x86
		Release|x64 = Release|x64
		Release|x86 = Release|x86
	EndGlobalSection
	GlobalSection(ProjectConfigurationPlatforms) = postSolution
		{954B92F9-4220-46B0-9ACE-B04EB0DA0C0D}.Debug|x64.ActiveCfg = Debug|x64
		{954B92F9-4220-46B0-9ACE-B04EB0DA0C0D}.Debug|x64.Build.0 = Debug|x64
		{954B92F9-4220-46B0-9ACE-B04EB0DA0C0D}.Debug|x86.ActiveCfg = Debug|Win32
		{954B92F9-4220-46B0-9ACE-B04EB0DA0C0D}.Debug|x86.Build.0 = Debug|Win32
		{954B92F9-4220-46B0-9ACE-B04EB0DA0C0D}.Release|x64.ActiveCfg = Release|x64
		{954B92F9-4220-46B0-9ACE-B04EB0DA0C0D}.Release|x64.Build.0 = Release|x64
		{954B92F9-4220-46B0-9ACE-B04EB0DA0C0D}.Release|x86.ActiveCfg = Release|Win32
		{954B92F9-4220-46B0-9ACE-B04EB0DA0C0D}.Release|x86.Build.0 = Release|Win32
	EndGlobalSection
	GlobalSection(SolutionProperties) = preSolution
		HideSolutionNode = FALSE
	EndGlobalSection
	GlobalSection(ExtensibilityGlobals) = postSolution
		SolutionGuid = {D85C5FE2-2A2B-4CA7-B20A-A48B57ABDEC6}
	EndGlobalSection
EndGlobal
