
Microsoft Visual Studio Solution File, Format Version 12.00
# Visual Studio Version 16
VisualStudioVersion = 16.0.31402.337
MinimumVisualStudioVersion = 10.0.40219.1
Project("{8BC9CEB8-8B4A-11D0-8D11-00A0C91BC942}") = "第1题", "第1题\第1题.vcxproj", "{DC8C7DF4-1015-424E-B057-493312B0A7D1}"
EndProject
Global
	GlobalSection(SolutionConfigurationPlatforms) = preSolution
		Debug|x64 = Debug|x64
		Debug|x86 = Debug|x86
		Release|x64 = Release|x64
		Release|x86 = Release|x86
	EndGlobalSection
	GlobalSection(ProjectConfigurationPlatforms) = postSolution
		{DC8C7DF4-1015-424E-B057-493312B0A7D1}.Debug|x64.ActiveCfg = Debug|x64
		{DC8C7DF4-1015-424E-B057-493312B0A7D1}.Debug|x64.Build.0 = Debug|x64
		{DC8C7DF4-1015-424E-B057-493312B0A7D1}.Debug|x86.ActiveCfg = Debug|Win32
		{DC8C7DF4-1015-424E-B057-493312B0A7D1}.Debug|x86.Build.0 = Debug|Win32
		{DC8C7DF4-1015-424E-B057-493312B0A7D1}.Release|x64.ActiveCfg = Release|x64
		{DC8C7DF4-1015-424E-B057-493312B0A7D1}.Release|x64.Build.0 = Release|x64
		{DC8C7DF4-1015-424E-B057-493312B0A7D1}.Release|x86.ActiveCfg = Release|Win32
		{DC8C7DF4-1015-424E-B057-493312B0A7D1}.Release|x86.Build.0 = Release|Win32
	EndGlobalSection
	GlobalSection(SolutionProperties) = preSolution
		HideSolutionNode = FALSE
	EndGlobalSection
	GlobalSection(ExtensibilityGlobals) = postSolution
		SolutionGuid = {B0ADD3A9-3D14-4B4D-BF6E-164E6A169E61}
	EndGlobalSection
EndGlobal
